// !$*UTF8*$!
{
	archiveVersion = 1;
	classes = {
	};
	objectVersion = 50;
	objects = {

/* Begin PBXBuildFile section */
		14CA7A822247DD7F0051CEAD /* AppDelegate.swift in Sources */ = {isa = PBXBuildFile; fileRef = 14CA7A812247DD7F0051CEAD /* AppDelegate.swift */; };
		14CA7A842247DD7F0051CEAD /* ViewController.swift in Sources */ = {isa = PBXBuildFile; fileRef = 14CA7A832247DD7F0051CEAD /* ViewController.swift */; };
		14CA7A872247DD7F0051CEAD /* Main.storyboard in Resources */ = {isa = PBXBuildFile; fileRef = 14CA7A852247DD7F0051CEAD /* Main.storyboard */; };
		14CA7A892247DD810051CEAD /* Assets.xcassets in Resources */ = {isa = PBXBuildFile; fileRef = 14CA7A882247DD810051CEAD /* Assets.xcassets */; };
		14CA7A8C2247DD810051CEAD /* LaunchScreen.storyboard in Resources */ = {isa = PBXBuildFile; fileRef = 14CA7A8A2247DD810051CEAD /* LaunchScreen.storyboard */; };
		14CA7A972247DD810051CEAD /* InstagramTests.swift in Sources */ = {isa = PBXBuildFile; fileRef = 14CA7A962247DD810051CEAD /* InstagramTests.swift */; };
		14CA7AA22247DD810051CEAD /* InstagramUITests.swift in Sources */ = {isa = PBXBuildFile; fileRef = 14CA7AA12247DD810051CEAD /* InstagramUITests.swift */; };
/* End PBXBuildFile section */

/* Begin PBXContainerItemProxy section */
		14CA7A932247DD810051CEAD /* PBXContainerItemProxy */ = {
			isa = PBXContainerItemProxy;
			containerPortal = 14CA7A762247DD7F0051CEAD /* Project object */;
			proxyType = 1;
			remoteGlobalIDString = 14CA7A7D2247DD7F0051CEAD;
			remoteInfo = Instagram;
		};
		14CA7A9E2247DD810051CEAD /* PBXContainerItemProxy */ = {
			isa = PBXContainerItemProxy;
			containerPortal = 14CA7A762247DD7F0051CEAD /* Project object */;
			proxyType = 1;
			remoteGlobalIDString = 14CA7A7D2247DD7F0051CEAD;
			remoteInfo = Instagram;
		};
/* End PBXContainerItemProxy section */

/* Begin PBXFileReference section */
		14CA7A7E2247DD7F0051CEAD /* Instagram.app */ = {isa = PBXFileReference; explicitFileType = wrapper.application; includeInIndex = 0; path = Instagram.app; sourceTree = BUILT_PRODUCTS_DIR; };
		14CA7A812247DD7F0051CEAD /* AppDelegate.swift */ = {isa = PBXFileReference; lastKnownFileType = sourcecode.swift; path = AppDelegate.swift; sourceTree = "<group>"; };
		14CA7A832247DD7F0051CEAD /* ViewController.swift */ = {isa = PBXFileReference; lastKnownFileType = sourcecode.swift; path = ViewController.swift; sourceTree = "<group>"; };
		14CA7A862247DD7F0051CEAD /* Base */ = {isa = PBXFileReference; lastKnownFileType = file.storyboard; name = Base; path = Base.lproj/Main.storyboard; sourceTree = "<group>"; };
		14CA7A882247DD810051CEAD /* Assets.xcassets */ = {isa = PBXFileReference; lastKnownFileType = folder.assetcatalog; path = Assets.xcassets; sourceTree = "<group>"; };
		14CA7A8B2247DD810051CEAD /* Base */ = {isa = PBXFileReference; lastKnownFileType = file.storyboard; name = Base; path = Base.lproj/LaunchScreen.storyboard; sourceTree = "<group>"; };
		14CA7A8D2247DD810051CEAD /* Info.plist */ = {isa = PBXFileReference; lastKnownFileType = text.plist.xml; path = Info.plist; sourceTree = "<group>"; };
		14CA7A922247DD810051CEAD /* InstagramTests.xctest */ = {isa = PBXFileReference; explicitFileType = wrapper.cfbundle; includeInIndex = 0; path = InstagramTests.xctest; sourceTree = BUILT_PRODUCTS_DIR; };
		14CA7A962247DD810051CEAD /* InstagramTests.swift */ = {isa = PBXFileReference; lastKnownFileType = sourcecode.swift; path = InstagramTests.swift; sourceTree = "<group>"; };
		14CA7A982247DD810051CEAD /* Info.plist */ = {isa = PBXFileReference; lastKnownFileType = text.plist.xml; path = Info.plist; sourceTree = "<group>"; };
		14CA7A9D2247DD810051CEAD /* InstagramUITests.xctest */ = {isa = PBXFileReference; explicitFileType = wrapper.cfbundle; includeInIndex = 0; path = InstagramUITests.xctest; sourceTree = BUILT_PRODUCTS_DIR; };
		14CA7AA12247DD810051CEAD /* InstagramUITests.swift */ = {isa = PBXFileReference; lastKnownFileType = sourcecode.swift; path = InstagramUITests.swift; sourceTree = "<group>"; };
		14CA7AA32247DD810051CEAD /* Info.plist */ = {isa = PBXFileReference; lastKnownFileType = text.plist.xml; path = Info.plist; sourceTree = "<group>"; };
/* End PBXFileReference section */

/* Begin PBXFrameworksBuildPhase section */
		14CA7A7B2247DD7F0051CEAD /* Frameworks */ = {
			isa = PBXFrameworksBuildPhase;
			buildActionMask = 2147483647;
			files = (
			);
			runOnlyForDeploymentPostprocessing = 0;
		};
		14CA7A8F2247DD810051CEAD /* Frameworks */ = {
			isa = PBXFrameworksBuildPhase;
			buildActionMask = 2147483647;
			files = (
			);
			runOnlyForDeploymentPostprocessing = 0;
		};
		14CA7A9A2247DD810051CEAD /* Frameworks */ = {
			isa = PBXFrameworksBuildPhase;
			buildActionMask = 2147483647;
			files = (
			);
			runOnlyForDeploymentPostprocessing = 0;
		};
/* End PBXFrameworksBuildPhase section */

/* Begin PBXGroup section */
		14CA7A752247DD7F0051CEAD = {
			isa = PBXGroup;
			children = (
				14CA7A802247DD7F0051CEAD /* Instagram */,
				14CA7A952247DD810051CEAD /* InstagramTests */,
				14CA7AA02247DD810051CEAD /* InstagramUITests */,
				14CA7A7F2247DD7F0051CEAD /* Products */,
			);
			sourceTree = "<group>";
		};
		14CA7A7F2247DD7F0051CEAD /* Products */ = {
			isa = PBXGroup;
			children = (
				14CA7A7E2247DD7F0051CEAD /* Instagram.app */,
				14CA7A922247DD810051CEAD /* InstagramTests.xctest */,
				14CA7A9D2247DD810051CEAD /* InstagramUITests.xctest */,
			);
			name = Products;
			sourceTree = "<group>";
		};
		14CA7A802247DD7F0051CEAD /* Instagram */ = {
			isa = PBXGroup;
			children = (
				14CA7A812247DD7F0051CEAD /* AppDelegate.swift */,
				14CA7A832247DD7F0051CEAD /* ViewController.swift */,
				14CA7A852247DD7F0051CEAD /* Main.storyboard */,
				14CA7A882247DD810051CEAD /* Assets.xcassets */,
				14CA7A8A2247DD810051CEAD /* LaunchScreen.storyboard */,
				14CA7A8D2247DD810051CEAD /* Info.plist */,
			);
			path = Instagram;
			sourceTree = "<group>";
		};
		14CA7A952247DD810051CEAD /* InstagramTests */ = {
			isa = PBXGroup;
			children = (
				14CA7A962247DD810051CEAD /* InstagramTests.swift */,
				14CA7A982247DD810051CEAD /* Info.plist */,
			);
			path = InstagramTests;
			sourceTree = "<group>";
		};
		14CA7AA02247DD810051CEAD /* InstagramUITests */ = {
			isa = PBXGroup;
			children = (
				14CA7AA12247DD810051CEAD /* InstagramUITests.swift */,
				14CA7AA32247DD810051CEAD /* Info.plist */,
			);
			path = InstagramUITests;
			sourceTree = "<group>";
		};
/* End PBXGroup section */

/* Begin PBXNativeTarget section */
		14CA7A7D2247DD7F0051CEAD /* Instagram */ = {
			isa = PBXNativeTarget;
			buildConfigurationList = 14CA7AA62247DD810051CEAD /* Build configuration list for PBXNativeTarget "Instagram" */;
			buildPhases = (
				14CA7A7A2247DD7F0051CEAD /* Sources */,
				14CA7A7B2247DD7F0051CEAD /* Frameworks */,
				14CA7A7C2247DD7F0051CEAD /* Resources */,
			);
			buildRules = (
			);
			dependencies = (
			);
			name = Instagram;
			productName = Instagram;
			productReference = 14CA7A7E2247DD7F0051CEAD /* Instagram.app */;
			productType = "com.apple.product-type.application";
		};
		14CA7A912247DD810051CEAD /* InstagramTests */ = {
			isa = PBXNativeTarget;
			buildConfigurationList = 14CA7AA92247DD810051CEAD /* Build configuration list for PBXNativeTarget "InstagramTests" */;
			buildPhases = (
				14CA7A8E2247DD810051CEAD /* Sources */,
				14CA7A8F2247DD810051CEAD /* Frameworks */,
				14CA7A902247DD810051CEAD /* Resources */,
			);
			buildRules = (
			);
			dependencies = (
				14CA7A942247DD810051CEAD /* PBXTargetDependency */,
			);
			name = InstagramTests;
			productName = InstagramTests;
			productReference = 14CA7A922247DD810051CEAD /* InstagramTests.xctest */;
			productType = "com.apple.product-type.bundle.unit-test";
		};
		14CA7A9C2247DD810051CEAD /* InstagramUITests */ = {
			isa = PBXNativeTarget;
			buildConfigurationList = 14CA7AAC2247DD810051CEAD /* Build configuration list for PBXNativeTarget "InstagramUITests" */;
			buildPhases = (
				14CA7A992247DD810051CEAD /* Sources */,
				14CA7A9A2247DD810051CEAD /* Frameworks */,
				14CA7A9B2247DD810051CEAD /* Resources */,
			);
			buildRules = (
			);
			dependencies = (
				14CA7A9F2247DD810051CEAD /* PBXTargetDependency */,
			);
			name = InstagramUITests;
			productName = InstagramUITests;
			productReference = 14CA7A9D2247DD810051CEAD /* InstagramUITests.xctest */;
			productType = "com.apple.product-type.bundle.ui-testing";
		};
/* End PBXNativeTarget section */

/* Begin PBXProject section */
		14CA7A762247DD7F0051CEAD /* Project object */ = {
			isa = PBXProject;
			attributes = {
				LastSwiftUpdateCheck = 1010;
				LastUpgradeCheck = 1010;
				ORGANIZATIONNAME = Bahti;
				TargetAttributes = {
					14CA7A7D2247DD7F0051CEAD = {
						CreatedOnToolsVersion = 10.1;
					};
					14CA7A912247DD810051CEAD = {
						CreatedOnToolsVersion = 10.1;
						TestTargetID = 14CA7A7D2247DD7F0051CEAD;
					};
					14CA7A9C2247DD810051CEAD = {
						CreatedOnToolsVersion = 10.1;
						TestTargetID = 14CA7A7D2247DD7F0051CEAD;
					};
				};
			};
			buildConfigurationList = 14CA7A792247DD7F0051CEAD /* Build configuration list for PBXProject "Instagram" */;
			compatibilityVersion = "Xcode 9.3";
			developmentRegion = en;
			hasScannedForEncodings = 0;
			knownRegions = (
				en,
				Base,
			);
			mainGroup = 14CA7A752247DD7F0051CEAD;
			productRefGroup = 14CA7A7F2247DD7F0051CEAD /* Products */;
			projectDirPath = "";
			projectRoot = "";
			targets = (
				14CA7A7D2247DD7F0051CEAD /* Instagram */,
				14CA7A912247DD810051CEAD /* InstagramTests */,
				14CA7A9C2247DD810051CEAD /* InstagramUITests */,
			);
		};
/* End PBXProject section */

/* Begin PBXResourcesBuildPhase section */
		14CA7A7C2247DD7F0051CEAD /* Resources */ = {
			isa = PBXResourcesBuildPhase;
			buildActionMask = 2147483647;
			files = (
				14CA7A8C2247DD810051CEAD /* LaunchScreen.storyboard in Resources */,
				14CA7A892247DD810051CEAD /* Assets.xcassets in Resources */,
				14CA7A872247DD7F0051CEAD /* Main.storyboard in Resources */,
			);
			runOnlyForDeploymentPostprocessing = 0;
		};
		14CA7A902247DD810051CEAD /* Resources */ = {
			isa = PBXResourcesBuildPhase;
			buildActionMask = 2147483647;
			files = (
			);
			runOnlyForDeploymentPostprocessing = 0;
		};
		14CA7A9B2247DD810051CEAD /* Resources */ = {
			isa = PBXResourcesBuildPhase;
			buildActionMask = 2147483647;
			files = (
			);
			runOnlyForDeploymentPostprocessing = 0;
		};
/* End PBXResourcesBuildPhase section */

/* Begin PBXSourcesBuildPhase section */
		14CA7A7A2247DD7F0051CEAD /* Sources */ = {
			isa = PBXSourcesBuildPhase;
			buildActionMask = 2147483647;
			files = (
				14CA7A842247DD7F0051CEAD /* ViewController.swift in Sources */,
				14CA7A822247DD7F0051CEAD /* AppDelegate.swift in Sources */,
			);
			runOnlyForDeploymentPostprocessing = 0;
		};
		14CA7A8E2247DD810051CEAD /* Sources */ = {
			isa = PBXSourcesBuildPhase;
			buildActionMask = 2147483647;
			files = (
				14CA7A972247DD810051CEAD /* InstagramTests.swift in Sources */,
			);
			runOnlyForDeploymentPostprocessing = 0;
		};
		14CA7A992247DD810051CEAD /* Sources */ = {
			isa = PBXSourcesBuildPhase;
			buildActionMask = 2147483647;
			files = (
				14CA7AA22247DD810051CEAD /* InstagramUITests.swift in Sources */,
			);
			runOnlyForDeploymentPostprocessing = 0;
		};
/* End PBXSourcesBuildPhase section */

/* Begin PBXTargetDependency section */
		14CA7A942247DD810051CEAD /* PBXTargetDependency */ = {
			isa = PBXTargetDependency;
			target = 14CA7A7D2247DD7F0051CEAD /* Instagram */;
			targetProxy = 14CA7A932247DD810051CEAD /* PBXContainerItemProxy */;
		};
		14CA7A9F2247DD810051CEAD /* PBXTargetDependency */ = {
			isa = PBXTargetDependency;
			target = 14CA7A7D2247DD7F0051CEAD /* Instagram */;
			targetProxy = 14CA7A9E2247DD810051CEAD /* PBXContainerItemProxy */;
		};
/* End PBXTargetDependency section */

/* Begin PBXVariantGroup section */
		14CA7A852247DD7F0051CEAD /* Main.storyboard */ = {
			isa = PBXVariantGroup;
			children = (
				14CA7A862247DD7F0051CEAD /* Base */,
			);
			name = Main.storyboard;
			sourceTree = "<group>";
		};
		14CA7A8A2247DD810051CEAD /* LaunchScreen.storyboard */ = {
			isa = PBXVariantGroup;
			children = (
				14CA7A8B2247DD810051CEAD /* Base */,
			);
			name = LaunchScreen.storyboard;
			sourceTree = "<group>";
		};
/* End PBXVariantGroup section */

/* Begin XCBuildConfiguration section */
		14CA7AA42247DD810051CEAD /* Debug */ = {
			isa = XCBuildConfiguration;
			buildSettings = {
				ALWAYS_SEARCH_USER_PATHS = NO;
				CLANG_ANALYZER_NONNULL = YES;
				CLANG_ANALYZER_NUMBER_OBJECT_CONVERSION = YES_AGGRESSIVE;
				CLANG_CXX_LANGUAGE_STANDARD = "gnu++14";
				CLANG_CXX_LIBRARY = "libc++";
				CLANG_ENABLE_MODULES = YES;
				CLANG_ENABLE_OBJC_ARC = YES;
				CLANG_ENABLE_OBJC_WEAK = YES;
				CLANG_WARN_BLOCK_CAPTURE_AUTORELEASING = YES;
				CLANG_WARN_BOOL_CONVERSION = YES;
				CLANG_WARN_COMMA = YES;
				CLANG_WARN_CONSTANT_CONVERSION = YES;
				CLANG_WARN_DEPRECATED_OBJC_IMPLEMENTATIONS = YES;
				CLANG_WARN_DIRECT_OBJC_ISA_USAGE = YES_ERROR;
				CLANG_WARN_DOCUMENTATION_COMMENTS = YES;
				CLANG_WARN_EMPTY_BODY = YES;
				CLANG_WARN_ENUM_CONVERSION = YES;
				CLANG_WARN_INFINITE_RECURSION = YES;
				CLANG_WARN_INT_CONVERSION = YES;
				CLANG_WARN_NON_LITERAL_NULL_CONVERSION = YES;
				CLANG_WARN_OBJC_IMPLICIT_RETAIN_SELF = YES;
				CLANG_WARN_OBJC_LITERAL_CONVERSION = YES;
				CLANG_WARN_OBJC_ROOT_CLASS = YES_ERROR;
				CLANG_WARN_RANGE_LOOP_ANALYSIS = YES;
				CLANG_WARN_STRICT_PROTOTYPES = YES;
				CLANG_WARN_SUSPICIOUS_MOVE = YES;
				CLANG_WARN_UNGUARDED_AVAILABILITY = YES_AGGRESSIVE;
				CLANG_WARN_UNREACHABLE_CODE = YES;
				CLANG_WARN__DUPLICATE_METHOD_MATCH = YES;
				CODE_SIGN_IDENTITY = "iPhone Developer";
				COPY_PHASE_STRIP = NO;
				DEBUG_INFORMATION_FORMAT = dwarf;
				ENABLE_STRICT_OBJC_MSGSEND = YES;
				ENABLE_TESTABILITY = YES;
				GCC_C_LANGUAGE_STANDARD = gnu11;
				GCC_DYNAMIC_NO_PIC = NO;
				GCC_NO_COMMON_BLOCKS = YES;
				GCC_OPTIMIZATION_LEVEL = 0;
				GCC_PREPROCESSOR_DEFINITIONS = (
					"DEBUG=1",
					"$(inherited)",
				);
				GCC_WARN_64_TO_32_BIT_CONVERSION = YES;
				GCC_WARN_ABOUT_RETURN_TYPE = YES_ERROR;
				GCC_WARN_UNDECLARED_SELECTOR = YES;
				GCC_WARN_UNINITIALIZED_AUTOS = YES_AGGRESSIVE;
				GCC_WARN_UNUSED_FUNCTION = YES;
				GCC_WARN_UNUSED_VARIABLE = YES;
				IPHONEOS_DEPLOYMENT_TARGET = 12.1;
				MTL_ENABLE_DEBUG_INFO = INCLUDE_SOURCE;
				MTL_FAST_MATH = YES;
				ONLY_ACTIVE_ARCH = YES;
				SDKROOT = iphoneos;
				SWIFT_ACTIVE_COMPILATION_CONDITIONS = DEBUG;
				SWIFT_OPTIMIZATION_LEVEL = "-Onone";
			};
			name = Debug;
		};
		14CA7AA52247DD810051CEAD /* Release */ = {
			isa = XCBuildConfiguration;
			buildSettings = {
				ALWAYS_SEARCH_USER_PATHS = NO;
				CLANG_ANALYZER_NONNULL = YES;
				CLANG_ANALYZER_NUMBER_OBJECT_CONVERSION = YES_AGGRESSIVE;
				CLANG_CXX_LANGUAGE_STANDARD = "gnu++14";
				CLANG_CXX_LIBRARY = "libc++";
				CLANG_ENABLE_MODULES = YES;
				CLANG_ENABLE_OBJC_ARC = YES;
				CLANG_ENABLE_OBJC_WEAK = YES;
				CLANG_WARN_BLOCK_CAPTURE_AUTORELEASING = YES;
				CLANG_WARN_BOOL_CONVERSION = YES;
				CLANG_WARN_COMMA = YES;
				CLANG_WARN_CONSTANT_CONVERSION = YES;
				CLANG_WARN_DEPRECATED_OBJC_IMPLEMENTATIONS = YES;
				CLANG_WARN_DIRECT_OBJC_ISA_USAGE = YES_ERROR;
				CLANG_WARN_DOCUMENTATION_COMMENTS = YES;
				CLANG_WARN_EMPTY_BODY = YES;
				CLANG_WARN_ENUM_CONVERSION = YES;
				CLANG_WARN_INFINITE_RECURSION = YES;
				CLANG_WARN_INT_CONVERSION = YES;
				CLANG_WARN_NON_LITERAL_NULL_CONVERSION = YES;
				CLANG_WARN_OBJC_IMPLICIT_RETAIN_SELF = YES;
				CLANG_WARN_OBJC_LITERAL_CONVERSION = YES;
				CLANG_WARN_OBJC_ROOT_CLASS = YES_ERROR;
				CLANG_WARN_RANGE_LOOP_ANALYSIS = YES;
				CLANG_WARN_STRICT_PROTOTYPES = YES;
				CLANG_WARN_SUSPICIOUS_MOVE = YES;
				CLANG_WARN_UNGUARDED_AVAILABILITY = YES_AGGRESSIVE;
				CLANG_WARN_UNREACHABLE_CODE = YES;
				CLANG_WARN__DUPLICATE_METHOD_MATCH = YES;
				CODE_SIGN_IDENTITY = "iPhone Developer";
				COPY_PHASE_STRIP = NO;
				DEBUG_INFORMATION_FORMAT = "dwarf-with-dsym";
				ENABLE_NS_ASSERTIONS = NO;
				ENABLE_STRICT_OBJC_MSGSEND = YES;
				GCC_C_LANGUAGE_STANDARD = gnu11;
				GCC_NO_COMMON_BLOCKS = YES;
				GCC_WARN_64_TO_32_BIT_CONVERSION = YES;
				GCC_WARN_ABOUT_RETURN_TYPE = YES_ERROR;
				GCC_WARN_UNDECLARED_SELECTOR = YES;
				GCC_WARN_UNINITIALIZED_AUTOS = YES_AGGRESSIVE;
				GCC_WARN_UNUSED_FUNCTION = YES;
				GCC_WARN_UNUSED_VARIABLE = YES;
				IPHONEOS_DEPLOYMENT_TARGET = 12.1;
				MTL_ENABLE_DEBUG_INFO = NO;
				MTL_FAST_MATH = YES;
				SDKROOT = iphoneos;
				SWIFT_COMPILATION_MODE = wholemodule;
				SWIFT_OPTIMIZATION_LEVEL = "-O";
				VALIDATE_PRODUCT = YES;
			};
			name = Release;
		};
		14CA7AA72247DD810051CEAD /* Debug */ = {
			isa = XCBuildConfiguration;
			buildSettings = {
				ASSETCATALOG_COMPILER_APPICON_NAME = AppIcon;
				CODE_SIGN_STYLE = Automatic;
				DEVELOPMENT_TEAM = PM29TV8EP5;
				INFOPLIST_FILE = Instagram/Info.plist;
				LD_RUNPATH_SEARCH_PATHS = (
					"$(inherited)",
					"@executable_path/Frameworks",
				);
				PRODUCT_BUNDLE_IDENTIFIER = com.bahti.Instagram;
				PRODUCT_NAME = "$(TARGET_NAME)";
				SWIFT_VERSION = 4.2;
				TARGETED_DEVICE_FAMILY = "1,2";
			};
			name = Debug;
		};
		14CA7AA82247DD810051CEAD /* Release */ = {
			isa = XCBuildConfiguration;
			buildSettings = {
				ASSETCATALOG_COMPILER_APPICON_NAME = AppIcon;
				CODE_SIGN_STYLE = Automatic;
				DEVELOPMENT_TEAM = PM29TV8EP5;
				INFOPLIST_FILE = Instagram/Info.plist;
				LD_RUNPATH_SEARCH_PATHS = (
					"$(inherited)",
					"@executable_path/Frameworks",
				);
				PRODUCT_BUNDLE_IDENTIFIER = com.bahti.Instagram;
				PRODUCT_NAME = "$(TARGET_NAME)";
				SWIFT_VERSION = 4.2;
				TARGETED_DEVICE_FAMILY = "1,2";
			};
			name = Release;
		};
		14CA7AAA2247DD810051CEAD /* Debug */ = {
			isa = XCBuildConfiguration;
			buildSettings = {
				ALWAYS_EMBED_SWIFT_STANDARD_LIBRARIES = YES;
				BUNDLE_LOADER = "$(TEST_HOST)";
				CODE_SIGN_STYLE = Automatic;
				DEVELOPMENT_TEAM = PM29TV8EP5;
				INFOPLIST_FILE = InstagramTests/Info.plist;
				LD_RUNPATH_SEARCH_PATHS = (
					"$(inherited)",
					"@executable_path/Frameworks",
					"@loader_path/Frameworks",
				);
				PRODUCT_BUNDLE_IDENTIFIER = com.bahti.InstagramTests;
				PRODUCT_NAME = "$(TARGET_NAME)";
				SWIFT_VERSION = 4.2;
				TARGETED_DEVICE_FAMILY = "1,2";
				TEST_HOST = "$(BUILT_PRODUCTS_DIR)/Instagram.app/Instagram";
			};
			name = Debug;
		};
		14CA7AAB2247DD810051CEAD /* Release */ = {
			isa = XCBuildConfiguration;
			buildSettings = {
				ALWAYS_EMBED_SWIFT_STANDARD_LIBRARIES = YES;
				BUNDLE_LOADER = "$(TEST_HOST)";
				CODE_SIGN_STYLE = Automatic;
				DEVELOPMENT_TEAM = PM29TV8EP5;
				INFOPLIST_FILE = InstagramTests/Info.plist;
				LD_RUNPATH_SEARCH_PATHS = (
					"$(inherited)",
					"@executable_path/Frameworks",
					"@loader_path/Frameworks",
				);
				PRODUCT_BUNDLE_IDENTIFIER = com.bahti.InstagramTests;
				PRODUCT_NAME = "$(TARGET_NAME)";
				SWIFT_VERSION = 4.2;
				TARGETED_DEVICE_FAMILY = "1,2";
				TEST_HOST = "$(BUILT_PRODUCTS_DIR)/Instagram.app/Instagram";
			};
			name = Release;
		};
		14CA7AAD2247DD810051CEAD /* Debug */ = {
			isa = XCBuildConfiguration;
			buildSettings = {
				ALWAYS_EMBED_SWIFT_STANDARD_LIBRARIES = YES;
				CODE_SIGN_STYLE = Automatic;
				DEVELOPMENT_TEAM = PM29TV8EP5;
				INFOPLIST_FILE = InstagramUITests/Info.plist;
				LD_RUNPATH_SEARCH_PATHS = (
					"$(inherited)",
					"@executable_path/Frameworks",
					"@loader_path/Frameworks",
				);
				PRODUCT_BUNDLE_IDENTIFIER = com.bahti.InstagramUITests;
				PRODUCT_NAME = "$(TARGET_NAME)";
				SWIFT_VERSION = 4.2;
				TARGETED_DEVICE_FAMILY = "1,2";
				TEST_TARGET_NAME = Instagram;
			};
			name = Debug;
		};
		14CA7AAE2247DD810051CEAD /* Release */ = {
			isa = XCBuildConfiguration;
			buildSettings = {
				ALWAYS_EMBED_SWIFT_STANDARD_LIBRARIES = YES;
				CODE_SIGN_STYLE = Automatic;
				DEVELOPMENT_TEAM = PM29TV8EP5;
				INFOPLIST_FILE = InstagramUITests/Info.plist;
				LD_RUNPATH_SEARCH_PATHS = (
					"$(inherited)",
					"@executable_path/Frameworks",
					"@loader_path/Frameworks",
				);
				PRODUCT_BUNDLE_IDENTIFIER = com.bahti.InstagramUITests;
				PRODUCT_NAME = "$(TARGET_NAME)";
				SWIFT_VERSION = 4.2;
				TARGETED_DEVICE_FAMILY = "1,2";
				TEST_TARGET_NAME = Instagram;
			};
			name = Release;
		};
/* End XCBuildConfiguration section */

/* Begin XCConfigurationList section */
		14CA7A792247DD7F0051CEAD /* Build configuration list for PBXProject "Instagram" */ = {
			isa = XCConfigurationList;
			buildConfigurations = (
				14CA7AA42247DD810051CEAD /* Debug */,
				14CA7AA52247DD810051CEAD /* Release */,
			);
			defaultConfigurationIsVisible = 0;
			defaultConfigurationName = Release;
		};
		14CA7AA62247DD810051CEAD /* Build configuration list for PBXNativeTarget "Instagram" */ = {
			isa = XCConfigurationList;
			buildConfigurations = (
				14CA7AA72247DD810051CEAD /* Debug */,
				14CA7AA82247DD810051CEAD /* Release */,
			);
			defaultConfigurationIsVisible = 0;
			defaultConfigurationName = Release;
		};
		14CA7AA92247DD810051CEAD /* Build configuration list for PBXNativeTarget "InstagramTests" */ = {
			isa = XCConfigurationList;
			buildConfigurations = (
				14CA7AAA2247DD810051CEAD /* Debug */,
				14CA7AAB2247DD810051CEAD /* Release */,
			);
			defaultConfigurationIsVisible = 0;
			defaultConfigurationName = Release;
		};
		14CA7AAC2247DD810051CEAD /* Build configuration list for PBXNativeTarget "InstagramUITests" */ = {
			isa = XCConfigurationList;
			buildConfigurations = (
				14CA7AAD2247DD810051CEAD /* Debug */,
				14CA7AAE2247DD810051CEAD /* Release */,
			);
			defaultConfigurationIsVisible = 0;
			defaultConfigurationName = Release;
		};
/* End XCConfigurationList section */
	};
	rootObject = 14CA7A762247DD7F0051CEAD /* Project object */;
}
